// !$*UTF8*$!
{
	archiveVersion = 1;
	classes = {
	};
	objectVersion = 55;
	objects = {

/* Begin PBXBuildFile section */
		A38814B82860CA7F001818BA /* My first app NotesApp.swift in Sources */ = {isa = PBXBuildFile; fileRef = A38814B72860CA7F001818BA /* My first app NotesApp.swift */; };
		A38814BA2860CA7F001818BA /* ContentView.swift in Sources */ = {isa = PBXBuildFile; fileRef = A38814B92860CA7F001818BA /* ContentView.swift */; };
		A38814BC2860CA80001818BA /* Assets.xcassets in Resources */ = {isa = PBXBuildFile; fileRef = A38814BB2860CA80001818BA /* Assets.xcassets */; };
		A38814BF2860CA80001818BA /* Preview Assets.xcassets in Resources */ = {isa = PBXBuildFile; fileRef = A38814BE2860CA80001818BA /* Preview Assets.xcassets */; };
		A38814CF2869B0E7001818BA /* NoteList.swift in Sources */ = {isa = PBXBuildFile; fileRef = A38814CE2869B0E7001818BA /* NoteList.swift */; };
		A38814D12869B100001818BA /* NoteBody.swift in Sources */ = {isa = PBXBuildFile; fileRef = A38814D02869B100001818BA /* NoteBody.swift */; };
/* End PBXBuildFile section */

/* Begin PBXFileReference section */
		A38814B42860CA7F001818BA /* My first app - Notes.app */ = {isa = PBXFileReference; explicitFileType = wrapper.application; includeInIndex = 0; path = "My first app - Notes.app"; sourceTree = BUILT_PRODUCTS_DIR; };
		A38814B72860CA7F001818BA /* My first app NotesApp.swift */ = {isa = PBXFileReference; lastKnownFileType = sourcecode.swift; path = "My first app NotesApp.swift"; sourceTree = "<group>"; };
		A38814B92860CA7F001818BA /* ContentView.swift */ = {isa = PBXFileReference; lastKnownFileType = sourcecode.swift; path = ContentView.swift; sourceTree = "<group>"; };
		A38814BB2860CA80001818BA /* Assets.xcassets */ = {isa = PBXFileReference; lastKnownFileType = folder.assetcatalog; path = Assets.xcassets; sourceTree = "<group>"; };
		A38814BE2860CA80001818BA /* Preview Assets.xcassets */ = {isa = PBXFileReference; lastKnownFileType = folder.assetcatalog; path = "Preview Assets.xcassets"; sourceTree = "<group>"; };
		A38814C02860CA80001818BA /* My_first_app___Notes.entitlements */ = {isa = PBXFileReference; lastKnownFileType = text.plist.entitlements; path = "My_first_app___Notes.entitlements"; sourceTree = "<group>"; };
		A38814CE2869B0E7001818BA /* NoteList.swift */ = {isa = PBXFileReference; lastKnownFileType = sourcecode.swift; path = NoteList.swift; sourceTree = "<group>"; };
		A38814D02869B100001818BA /* NoteBody.swift */ = {isa = PBXFileReference; lastKnownFileType = sourcecode.swift; path = NoteBody.swift; sourceTree = "<group>"; };
/* End PBXFileReference section */

/* Begin PBXFrameworksBuildPhase section */
		A38814B12860CA7F001818BA /* Frameworks */ = {
			isa = PBXFrameworksBuildPhase;
			buildActionMask = 2147483647;
			files = (
			);
			runOnlyForDeploymentPostprocessing = 0;
		};
/* End PBXFrameworksBuildPhase section */

/* Begin PBXGroup section */
		A38814AB2860CA7F001818BA = {
			isa = PBXGroup;
			children = (
				A38814B62860CA7F001818BA /* My first app - Notes */,
				A38814B52860CA7F001818BA /* Products */,
			);
			sourceTree = "<group>";
		};
		A38814B52860CA7F001818BA /* Products */ = {
			isa = PBXGroup;
			children = (
				A38814B42860CA7F001818BA /* My first app - Notes.app */,
			);
			name = Products;
			sourceTree = "<group>";
		};
		A38814B62860CA7F001818BA /* My first app - Notes */ = {
			isa = PBXGroup;
			children = (
				A38814B72860CA7F001818BA /* My first app NotesApp.swift */,
				A38814B92860CA7F001818BA /* ContentView.swift */,
				A38814CE2869B0E7001818BA /* NoteList.swift */,
				A38814D02869B100001818BA /* NoteBody.swift */,
				A38814BB2860CA80001818BA /* Assets.xcassets */,
				A38814C02860CA80001818BA /* My_first_app___Notes.entitlements */,
				A38814BD2860CA80001818BA /* Preview Content */,
			);
			path = "My first app - Notes";
			sourceTree = "<group>";
		};
		A38814BD2860CA80001818BA /* Preview Content */ = {
			isa = PBXGroup;
			children = (
				A38814BE2860CA80001818BA /* Preview Assets.xcassets */,
			);
			path = "Preview Content";
			sourceTree = "<group>";
		};
/* End PBXGroup section */

/* Begin PBXNativeTarget section */
		A38814B32860CA7F001818BA /* My first app - Notes */ = {
			isa = PBXNativeTarget;
			buildConfigurationList = A38814C32860CA80001818BA /* Build configuration list for PBXNativeTarget "My first app - Notes" */;
			buildPhases = (
				A38814B02860CA7F001818BA /* Sources */,
				A38814B12860CA7F001818BA /* Frameworks */,
				A38814B22860CA7F001818BA /* Resources */,
			);
			buildRules = (
			);
			dependencies = (
			);
			name = "My first app - Notes";
			productName = "My first app - Notes";
			productReference = A38814B42860CA7F001818BA /* My first app - Notes.app */;
			productType = "com.apple.product-type.application";
		};
/* End PBXNativeTarget section */

/* Begin PBXProject section */
		A38814AC2860CA7F001818BA /* Project object */ = {
			isa = PBXProject;
			attributes = {
				BuildIndependentTargetsInParallel = 1;
				LastSwiftUpdateCheck = 1340;
				LastUpgradeCheck = 1340;
				TargetAttributes = {
					A38814B32860CA7F001818BA = {
						CreatedOnToolsVersion = 13.4.1;
					};
				};
			};
			buildConfigurationList = A38814AF2860CA7F001818BA /* Build configuration list for PBXProject "My first app - Notes" */;
			compatibilityVersion = "Xcode 13.0";
			developmentRegion = en;
			hasScannedForEncodings = 0;
			knownRegions = (
				en,
				Base,
			);
			mainGroup = A38814AB2860CA7F001818BA;
			productRefGroup = A38814B52860CA7F001818BA /* Products */;
			projectDirPath = "";
			projectRoot = "";
			targets = (
				A38814B32860CA7F001818BA /* My first app - Notes */,
			);
		};
/* End PBXProject section */

/* Begin PBXResourcesBuildPhase section */
		A38814B22860CA7F001818BA /* Resources */ = {
			isa = PBXResourcesBuildPhase;
			buildActionMask = 2147483647;
			files = (
				A38814BF2860CA80001818BA /* Preview Assets.xcassets in Resources */,
				A38814BC2860CA80001818BA /* Assets.xcassets in Resources */,
			);
			runOnlyForDeploymentPostprocessing = 0;
		};
/* End PBXResourcesBuildPhase section */

/* Begin PBXSourcesBuildPhase section */
		A38814B02860CA7F001818BA /* Sources */ = {
			isa = PBXSourcesBuildPhase;
			buildActionMask = 2147483647;
			files = (
				A38814BA2860CA7F001818BA /* ContentView.swift in Sources */,
				A38814D12869B100001818BA /* NoteBody.swift in Sources */,
				A38814B82860CA7F001818BA /* My first app NotesApp.swift in Sources */,
				A38814CF2869B0E7001818BA /* NoteList.swift in Sources */,
			);
			runOnlyForDeploymentPostprocessing = 0;
		};
/* End PBXSourcesBuildPhase section */

/* Begin XCBuildConfiguration section */
		A38814C12860CA80001818BA /* Debug */ = {
			isa = XCBuildConfiguration;
			buildSettings = {
				ALWAYS_SEARCH_USER_PATHS = NO;
				CLANG_ANALYZER_NONNULL = YES;
				CLANG_ANALYZER_NUMBER_OBJECT_CONVERSION = YES_AGGRESSIVE;
				CLANG_CXX_LANGUAGE_STANDARD = "gnu++17";
				CLANG_ENABLE_MODULES = YES;
				CLANG_ENABLE_OBJC_ARC = YES;
				CLANG_ENABLE_OBJC_WEAK = YES;
				CLANG_WARN_BLOCK_CAPTURE_AUTORELEASING = YES;
				CLANG_WARN_BOOL_CONVERSION = YES;
				CLANG_WARN_COMMA = YES;
				CLANG_WARN_CONSTANT_CONVERSION = YES;
				CLANG_WARN_DEPRECATED_OBJC_IMPLEMENTATIONS = YES;
				CLANG_WARN_DIRECT_OBJC_ISA_USAGE = YES_ERROR;
				CLANG_WARN_DOCUMENTATION_COMMENTS = YES;
				CLANG_WARN_EMPTY_BODY = YES;
				CLANG_WARN_ENUM_CONVERSION = YES;
				CLANG_WARN_INFINITE_RECURSION = YES;
				CLANG_WARN_INT_CONVERSION = YES;
				CLANG_WARN_NON_LITERAL_NULL_CONVERSION = YES;
				CLANG_WARN_OBJC_IMPLICIT_RETAIN_SELF = YES;
				CLANG_WARN_OBJC_LITERAL_CONVERSION = YES;
				CLANG_WARN_OBJC_ROOT_CLASS = YES_ERROR;
				CLANG_WARN_QUOTED_INCLUDE_IN_FRAMEWORK_HEADER = YES;
				CLANG_WARN_RANGE_LOOP_ANALYSIS = YES;
				CLANG_WARN_STRICT_PROTOTYPES = YES;
				CLANG_WARN_SUSPICIOUS_MOVE = YES;
				CLANG_WARN_UNGUARDED_AVAILABILITY = YES_AGGRESSIVE;
				CLANG_WARN_UNREACHABLE_CODE = YES;
				CLANG_WARN__DUPLICATE_METHOD_MATCH = YES;
				COPY_PHASE_STRIP = NO;
				DEBUG_INFORMATION_FORMAT = dwarf;
				ENABLE_STRICT_OBJC_MSGSEND = YES;
				ENABLE_TESTABILITY = YES;
				GCC_C_LANGUAGE_STANDARD = gnu11;
				GCC_DYNAMIC_NO_PIC = NO;
				GCC_NO_COMMON_BLOCKS = YES;
				GCC_OPTIMIZATION_LEVEL = 0;
				GCC_PREPROCESSOR_DEFINITIONS = (
					"DEBUG=1",
					"$(inherited)",
				);
				GCC_WARN_64_TO_32_BIT_CONVERSION = YES;
				GCC_WARN_ABOUT_RETURN_TYPE = YES_ERROR;
				GCC_WARN_UNDECLARED_SELECTOR = YES;
				GCC_WARN_UNINITIALIZED_AUTOS = YES_AGGRESSIVE;
				GCC_WARN_UNUSED_FUNCTION = YES;
				GCC_WARN_UNUSED_VARIABLE = YES;
				MACOSX_DEPLOYMENT_TARGET = 12.3;
				MTL_ENABLE_DEBUG_INFO = INCLUDE_SOURCE;
				MTL_FAST_MATH = YES;
				ONLY_ACTIVE_ARCH = YES;
				SDKROOT = macosx;
				SWIFT_ACTIVE_COMPILATION_CONDITIONS = DEBUG;
				SWIFT_OPTIMIZATION_LEVEL = "-Onone";
			};
			name = Debug;
		};
		A38814C22860CA80001818BA /* Release */ = {
			isa = XCBuildConfiguration;
			buildSettings = {
				ALWAYS_SEARCH_USER_PATHS = NO;
				CLANG_ANALYZER_NONNULL = YES;
				CLANG_ANALYZER_NUMBER_OBJECT_CONVERSION = YES_AGGRESSIVE;
				CLANG_CXX_LANGUAGE_STANDARD = "gnu++17";
				CLANG_ENABLE_MODULES = YES;
				CLANG_ENABLE_OBJC_ARC = YES;
				CLANG_ENABLE_OBJC_WEAK = YES;
				CLANG_WARN_BLOCK_CAPTURE_AUTORELEASING = YES;
				CLANG_WARN_BOOL_CONVERSION = YES;
				CLANG_WARN_COMMA = YES;
				CLANG_WARN_CONSTANT_CONVERSION = YES;
				CLANG_WARN_DEPRECATED_OBJC_IMPLEMENTATIONS = YES;
				CLANG_WARN_DIRECT_OBJC_ISA_USAGE = YES_ERROR;
				CLANG_WARN_DOCUMENTATION_COMMENTS = YES;
				CLANG_WARN_EMPTY_BODY = YES;
				CLANG_WARN_ENUM_CONVERSION = YES;
				CLANG_WARN_INFINITE_RECURSION = YES;
				CLANG_WARN_INT_CONVERSION = YES;
				CLANG_WARN_NON_LITERAL_NULL_CONVERSION = YES;
				CLANG_WARN_OBJC_IMPLICIT_RETAIN_SELF = YES;
				CLANG_WARN_OBJC_LITERAL_CONVERSION = YES;
				CLANG_WARN_OBJC_ROOT_CLASS = YES_ERROR;
				CLANG_WARN_QUOTED_INCLUDE_IN_FRAMEWORK_HEADER = YES;
				CLANG_WARN_RANGE_LOOP_ANALYSIS = YES;
				CLANG_WARN_STRICT_PROTOTYPES = YES;
				CLANG_WARN_SUSPICIOUS_MOVE = YES;
				CLANG_WARN_UNGUARDED_AVAILABILITY = YES_AGGRESSIVE;
				CLANG_WARN_UNREACHABLE_CODE = YES;
				CLANG_WARN__DUPLICATE_METHOD_MATCH = YES;
				COPY_PHASE_STRIP = NO;
				DEBUG_INFORMATION_FORMAT = "dwarf-with-dsym";
				ENABLE_NS_ASSERTIONS = NO;
				ENABLE_STRICT_OBJC_MSGSEND = YES;
				GCC_C_LANGUAGE_STANDARD = gnu11;
				GCC_NO_COMMON_BLOCKS = YES;
				GCC_WARN_64_TO_32_BIT_CONVERSION = YES;
				GCC_WARN_ABOUT_RETURN_TYPE = YES_ERROR;
				GCC_WARN_UNDECLARED_SELECTOR = YES;
				GCC_WARN_UNINITIALIZED_AUTOS = YES_AGGRESSIVE;
				GCC_WARN_UNUSED_FUNCTION = YES;
				GCC_WARN_UNUSED_VARIABLE = YES;
				MACOSX_DEPLOYMENT_TARGET = 12.3;
				MTL_ENABLE_DEBUG_INFO = NO;
				MTL_FAST_MATH = YES;
				SDKROOT = macosx;
				SWIFT_COMPILATION_MODE = wholemodule;
				SWIFT_OPTIMIZATION_LEVEL = "-O";
			};
			name = Release;
		};
		A38814C42860CA80001818BA /* Debug */ = {
			isa = XCBuildConfiguration;
			buildSettings = {
				ASSETCATALOG_COMPILER_APPICON_NAME = AppIcon;
				ASSETCATALOG_COMPILER_GLOBAL_ACCENT_COLOR_NAME = AccentColor;
				CODE_SIGN_ENTITLEMENTS = "My first app - Notes/My_first_app___Notes.entitlements";
				CODE_SIGN_STYLE = Automatic;
				COMBINE_HIDPI_IMAGES = YES;
				CURRENT_PROJECT_VERSION = 1;
				DEVELOPMENT_ASSET_PATHS = "\"My first app - Notes/Preview Content\"";
				ENABLE_PREVIEWS = YES;
				GENERATE_INFOPLIST_FILE = YES;
				INFOPLIST_KEY_NSHumanReadableCopyright = "";
				LD_RUNPATH_SEARCH_PATHS = (
					"$(inherited)",
					"@executable_path/../Frameworks",
				);
				MARKETING_VERSION = 1.0;
				PRODUCT_BUNDLE_IDENTIFIER = "-.My-first-app---Notes";
				PRODUCT_NAME = "$(TARGET_NAME)";
				SWIFT_EMIT_LOC_STRINGS = YES;
				SWIFT_VERSION = 5.0;
			};
			name = Debug;
		};
		A38814C52860CA80001818BA /* Release */ = {
			isa = XCBuildConfiguration;
			buildSettings = {
				ASSETCATALOG_COMPILER_APPICON_NAME = AppIcon;
				ASSETCATALOG_COMPILER_GLOBAL_ACCENT_COLOR_NAME = AccentColor;
				CODE_SIGN_ENTITLEMENTS = "My first app - Notes/My_first_app___Notes.entitlements";
				CODE_SIGN_STYLE = Automatic;
				COMBINE_HIDPI_IMAGES = YES;
				CURRENT_PROJECT_VERSION = 1;
				DEVELOPMENT_ASSET_PATHS = "\"My first app - Notes/Preview Content\"";
				ENABLE_PREVIEWS = YES;
				GENERATE_INFOPLIST_FILE = YES;
				INFOPLIST_KEY_NSHumanReadableCopyright = "";
				LD_RUNPATH_SEARCH_PATHS = (
					"$(inherited)",
					"@executable_path/../Frameworks",
				);
				MARKETING_VERSION = 1.0;
				PRODUCT_BUNDLE_IDENTIFIER = "-.My-first-app---Notes";
				PRODUCT_NAME = "$(TARGET_NAME)";
				SWIFT_EMIT_LOC_STRINGS = YES;
				SWIFT_VERSION = 5.0;
			};
			name = Release;
		};
/* End XCBuildConfiguration section */

/* Begin XCConfigurationList section */
		A38814AF2860CA7F001818BA /* Build configuration list for PBXProject "My first app - Notes" */ = {
			isa = XCConfigurationList;
			buildConfigurations = (
				A38814C12860CA80001818BA /* Debug */,
				A38814C22860CA80001818BA /* Release */,
			);
			defaultConfigurationIsVisible = 0;
			defaultConfigurationName = Release;
		};
		A38814C32860CA80001818BA /* Build configuration list for PBXNativeTarget "My first app - Notes" */ = {
			isa = XCConfigurationList;
			buildConfigurations = (
				A38814C42860CA80001818BA /* Debug */,
				A38814C52860CA80001818BA /* Release */,
			);
			defaultConfigurationIsVisible = 0;
			defaultConfigurationName = Release;
		};
/* End XCConfigurationList section */
	};
	rootObject = A38814AC2860CA7F001818BA /* Project object */;
}
